
Microsoft Visual Studio Solution File, Format Version 12.00
# Visual Studio 15
VisualStudioVersion = 15.0.27428.2037
MinimumVisualStudioVersion = 10.0.40219.1
Project("{8BC9CEB8-8B4A-11D0-8D11-00A0C91BC942}") = "InsertSort", "src\InsertSort\InsertSort.vcxproj", "{F7F595F2-9234-4E11-9002-ECC648E444D5}"
EndProject
Project("{2150E333-8FDC-42A3-9474-1A3956D46DE8}") = "ExampleAlgorithms", "ExampleAlgorithms", "{9D8D2FB5-FBC3-4301-938B-76EB3FD82407}"
EndProject
Project("{8BC9CEB8-8B4A-11D0-8D11-00A0C91BC942}") = "MergeSort", "src\MergeSort\MergeSort.vcxproj", "{7A3A44E9-F829-415B-B7F6-FC498F716009}"
EndProject
Project("{8BC9CEB8-8B4A-11D0-8D11-00A0C91BC942}") = "MaxSubarray", "src\MaxSubarray\MaxSubarray.vcxproj", "{45FEA25E-4386-4F14-9CED-53AB17428383}"
EndProject
Project("{8BC9CEB8-8B4A-11D0-8D11-00A0C91BC942}") = "RandomRangeArray", "src\RandomRangeArray\RandomRangeArray.vcxproj", "{9FFC8014-E17B-42A2-A6E6-057951AFC50E}"
EndProject
Project("{8BC9CEB8-8B4A-11D0-8D11-00A0C91BC942}") = "Heap", "src\Heap\Heap.vcxproj", "{00439AC9-9335-438E-9C6A-8C7B3D1AC421}"
EndProject
Project("{2150E333-8FDC-42A3-9474-1A3956D46DE8}") = "Solution Items", "Solution Items", "{EA8CBF9F-23AE-4C4B-B00E-EE82483C210A}"
	ProjectSection(SolutionItems) = preProject
		README.md = README.md
	EndProjectSection
EndProject
Project("{8BC9CEB8-8B4A-11D0-8D11-00A0C91BC942}") = "HeapSort", "src\HeapSort\HeapSort.vcxproj", "{6F878589-CC0C-4700-A917-FF56437C1A37}"
	ProjectSection(ProjectDependencies) = postProject
		{00439AC9-9335-438E-9C6A-8C7B3D1AC421} = {00439AC9-9335-438E-9C6A-8C7B3D1AC421}
	EndProjectSection
EndProject
Global
	GlobalSection(SolutionConfigurationPlatforms) = preSolution
		Debug|x64 = Debug|x64
		Debug|x86 = Debug|x86
		Release|x64 = Release|x64
		Release|x86 = Release|x86
	EndGlobalSection
	GlobalSection(ProjectConfigurationPlatforms) = postSolution
		{F7F595F2-9234-4E11-9002-ECC648E444D5}.Debug|x64.ActiveCfg = Debug|x64
		{F7F595F2-9234-4E11-9002-ECC648E444D5}.Debug|x64.Build.0 = Debug|x64
		{F7F595F2-9234-4E11-9002-ECC648E444D5}.Debug|x86.ActiveCfg = Debug|Win32
		{F7F595F2-9234-4E11-9002-ECC648E444D5}.Debug|x86.Build.0 = Debug|Win32
		{F7F595F2-9234-4E11-9002-ECC648E444D5}.Release|x64.ActiveCfg = Release|x64
		{F7F595F2-9234-4E11-9002-ECC648E444D5}.Release|x64.Build.0 = Release|x64
		{F7F595F2-9234-4E11-9002-ECC648E444D5}.Release|x86.ActiveCfg = Release|Win32
		{F7F595F2-9234-4E11-9002-ECC648E444D5}.Release|x86.Build.0 = Release|Win32
		{7A3A44E9-F829-415B-B7F6-FC498F716009}.Debug|x64.ActiveCfg = Debug|x64
		{7A3A44E9-F829-415B-B7F6-FC498F716009}.Debug|x64.Build.0 = Debug|x64
		{7A3A44E9-F829-415B-B7F6-FC498F716009}.Debug|x86.ActiveCfg = Debug|Win32
		{7A3A44E9-F829-415B-B7F6-FC498F716009}.Debug|x86.Build.0 = Debug|Win32
		{7A3A44E9-F829-415B-B7F6-FC498F716009}.Release|x64.ActiveCfg = Release|x64
		{7A3A44E9-F829-415B-B7F6-FC498F716009}.Release|x64.Build.0 = Release|x64
		{7A3A44E9-F829-415B-B7F6-FC498F716009}.Release|x86.ActiveCfg = Release|Win32
		{7A3A44E9-F829-415B-B7F6-FC498F716009}.Release|x86.Build.0 = Release|Win32
		{45FEA25E-4386-4F14-9CED-53AB17428383}.Debug|x64.ActiveCfg = Debug|x64
		{45FEA25E-4386-4F14-9CED-53AB17428383}.Debug|x64.Build.0 = Debug|x64
		{45FEA25E-4386-4F14-9CED-53AB17428383}.Debug|x86.ActiveCfg = Debug|Win32
		{45FEA25E-4386-4F14-9CED-53AB17428383}.Debug|x86.Build.0 = Debug|Win32
		{45FEA25E-4386-4F14-9CED-53AB17428383}.Release|x64.ActiveCfg = Release|x64
		{45FEA25E-4386-4F14-9CED-53AB17428383}.Release|x64.Build.0 = Release|x64
		{45FEA25E-4386-4F14-9CED-53AB17428383}.Release|x86.ActiveCfg = Release|Win32
		{45FEA25E-4386-4F14-9CED-53AB17428383}.Release|x86.Build.0 = Release|Win32
		{9FFC8014-E17B-42A2-A6E6-057951AFC50E}.Debug|x64.ActiveCfg = Debug|x64
		{9FFC8014-E17B-42A2-A6E6-057951AFC50E}.Debug|x64.Build.0 = Debug|x64
		{9FFC8014-E17B-42A2-A6E6-057951AFC50E}.Debug|x86.ActiveCfg = Debug|Win32
		{9FFC8014-E17B-42A2-A6E6-057951AFC50E}.Debug|x86.Build.0 = Debug|Win32
		{9FFC8014-E17B-42A2-A6E6-057951AFC50E}.Release|x64.ActiveCfg = Release|x64
		{9FFC8014-E17B-42A2-A6E6-057951AFC50E}.Release|x64.Build.0 = Release|x64
		{9FFC8014-E17B-42A2-A6E6-057951AFC50E}.Release|x86.ActiveCfg = Release|Win32
		{9FFC8014-E17B-42A2-A6E6-057951AFC50E}.Release|x86.Build.0 = Release|Win32
		{00439AC9-9335-438E-9C6A-8C7B3D1AC421}.Debug|x64.ActiveCfg = Debug|x64
		{00439AC9-9335-438E-9C6A-8C7B3D1AC421}.Debug|x64.Build.0 = Debug|x64
		{00439AC9-9335-438E-9C6A-8C7B3D1AC421}.Debug|x86.ActiveCfg = Debug|Win32
		{00439AC9-9335-438E-9C6A-8C7B3D1AC421}.Debug|x86.Build.0 = Debug|Win32
		{00439AC9-9335-438E-9C6A-8C7B3D1AC421}.Release|x64.ActiveCfg = Release|x64
		{00439AC9-9335-438E-9C6A-8C7B3D1AC421}.Release|x64.Build.0 = Release|x64
		{00439AC9-9335-438E-9C6A-8C7B3D1AC421}.Release|x86.ActiveCfg = Release|Win32
		{00439AC9-9335-438E-9C6A-8C7B3D1AC421}.Release|x86.Build.0 = Release|Win32
		{6F878589-CC0C-4700-A917-FF56437C1A37}.Debug|x64.ActiveCfg = Debug|x64
		{6F878589-CC0C-4700-A917-FF56437C1A37}.Debug|x64.Build.0 = Debug|x64
		{6F878589-CC0C-4700-A917-FF56437C1A37}.Debug|x86.ActiveCfg = Debug|Win32
		{6F878589-CC0C-4700-A917-FF56437C1A37}.Debug|x86.Build.0 = Debug|Win32
		{6F878589-CC0C-4700-A917-FF56437C1A37}.Release|x64.ActiveCfg = Release|x64
		{6F878589-CC0C-4700-A917-FF56437C1A37}.Release|x64.Build.0 = Release|x64
		{6F878589-CC0C-4700-A917-FF56437C1A37}.Release|x86.ActiveCfg = Release|Win32
		{6F878589-CC0C-4700-A917-FF56437C1A37}.Release|x86.Build.0 = Release|Win32
	EndGlobalSection
	GlobalSection(SolutionProperties) = preSolution
		HideSolutionNode = FALSE
	EndGlobalSection
	GlobalSection(NestedProjects) = preSolution
		{F7F595F2-9234-4E11-9002-ECC648E444D5} = {9D8D2FB5-FBC3-4301-938B-76EB3FD82407}
		{7A3A44E9-F829-415B-B7F6-FC498F716009} = {9D8D2FB5-FBC3-4301-938B-76EB3FD82407}
		{45FEA25E-4386-4F14-9CED-53AB17428383} = {9D8D2FB5-FBC3-4301-938B-76EB3FD82407}
		{9FFC8014-E17B-42A2-A6E6-057951AFC50E} = {9D8D2FB5-FBC3-4301-938B-76EB3FD82407}
		{6F878589-CC0C-4700-A917-FF56437C1A37} = {9D8D2FB5-FBC3-4301-938B-76EB3FD82407}
	EndGlobalSection
	GlobalSection(ExtensibilityGlobals) = postSolution
		SolutionGuid = {2C9E3CF7-AD75-4DBD-9B32-1DE44C1B3DD4}
	EndGlobalSection
EndGlobal
